// !$*UTF8*$!
{
	archiveVersion = 1;
	classes = {
	};
	objectVersion = 46;
	objects = {

/* Begin PBXBuildFile section */
		1FC8EEBE15536EA400D9DB60 /* UIKit.framework in Frameworks */ = {isa = PBXBuildFile; fileRef = 1FC8EEBD15536EA400D9DB60 /* UIKit.framework */; };
		1FC8EEC015536EA400D9DB60 /* Foundation.framework in Frameworks */ = {isa = PBXBuildFile; fileRef = 1FC8EEBF15536EA400D9DB60 /* Foundation.framework */; };
		1FC8EEC215536EA400D9DB60 /* CoreGraphics.framework in Frameworks */ = {isa = PBXBuildFile; fileRef = 1FC8EEC115536EA400D9DB60 /* CoreGraphics.framework */; };
		1FC8EEC815536EA400D9DB60 /* InfoPlist.strings in Resources */ = {isa = PBXBuildFile; fileRef = 1FC8EEC615536EA400D9DB60 /* InfoPlist.strings */; };
		1FC8EECA15536EA400D9DB60 /* main.m in Sources */ = {isa = PBXBuildFile; fileRef = 1FC8EEC915536EA400D9DB60 /* main.m */; };
		1FC8EECE15536EA400D9DB60 /* HypnosisterAppDelegate.m in Sources */ = {isa = PBXBuildFile; fileRef = 1FC8EECD15536EA400D9DB60 /* HypnosisterAppDelegate.m */; };
/* End PBXBuildFile section */

/* Begin PBXFileReference section */
		1FC8EEB915536EA400D9DB60 /* Hypnosister.app */ = {isa = PBXFileReference; explicitFileType = wrapper.application; includeInIndex = 0; path = Hypnosister.app; sourceTree = BUILT_PRODUCTS_DIR; };
		1FC8EEBD15536EA400D9DB60 /* UIKit.framework */ = {isa = PBXFileReference; lastKnownFileType = wrapper.framework; name = UIKit.framework; path = System/Library/Frameworks/UIKit.framework; sourceTree = SDKROOT; };
		1FC8EEBF15536EA400D9DB60 /* Foundation.framework */ = {isa = PBXFileReference; lastKnownFileType = wrapper.framework; name = Foundation.framework; path = System/Library/Frameworks/Foundation.framework; sourceTree = SDKROOT; };
		1FC8EEC115536EA400D9DB60 /* CoreGraphics.framework */ = {isa = PBXFileReference; lastKnownFileType = wrapper.framework; name = CoreGraphics.framework; path = System/Library/Frameworks/CoreGraphics.framework; sourceTree = SDKROOT; };
		1FC8EEC515536EA400D9DB60 /* Hypnosister-Info.plist */ = {isa = PBXFileReference; path = "Hypnosister-Info.plist"; sourceTree = "<group>"; };
		1FC8EEC715536EA400D9DB60 /* en */ = {isa = PBXFileReference; lastKnownFileType = text.plist.strings; name = en; path = en.lproj/InfoPlist.strings; sourceTree = "<group>"; };
		1FC8EEC915536EA400D9DB60 /* main.m */ = {isa = PBXFileReference; lastKnownFileType = sourcecode.c.objc; path = main.m; sourceTree = "<group>"; };
		1FC8EECB15536EA400D9DB60 /* Hypnosister-Prefix.pch */ = {isa = PBXFileReference; path = "Hypnosister-Prefix.pch"; sourceTree = "<group>"; };
		1FC8EECC15536EA400D9DB60 /* HypnosisterAppDelegate.h */ = {isa = PBXFileReference; path = HypnosisterAppDelegate.h; sourceTree = "<group>"; };
		1FC8EECD15536EA400D9DB60 /* HypnosisterAppDelegate.m */ = {isa = PBXFileReference; lastKnownFileType = sourcecode.c.objc; path = HypnosisterAppDelegate.m; sourceTree = "<group>"; };
/* End PBXFileReference section */

/* Begin PBXFrameworksBuildPhase section */
		1FC8EEB615536EA400D9DB60 /* Frameworks */ = {
			isa = PBXFrameworksBuildPhase;
			buildActionMask = 2147483647;
			files = (
				1FC8EEBE15536EA400D9DB60 /* UIKit.framework in Frameworks */,
				1FC8EEC015536EA400D9DB60 /* Foundation.framework in Frameworks */,
				1FC8EEC215536EA400D9DB60 /* CoreGraphics.framework in Frameworks */,
			);
			runOnlyForDeploymentPostprocessing = 0;
		};
/* End PBXFrameworksBuildPhase section */

/* Begin PBXGroup section */
		1FC8EEAE15536EA300D9DB60 = {
			isa = PBXGroup;
			children = (
				1FC8EEC315536EA400D9DB60 /* Hypnosister */,
				1FC8EEBC15536EA400D9DB60 /* Frameworks */,
				1FC8EEBA15536EA400D9DB60 /* Products */,
			);
			sourceTree = "<group>";
		};
		1FC8EEBA15536EA400D9DB60 /* Products */ = {
			isa = PBXGroup;
			children = (
				1FC8EEB915536EA400D9DB60 /* Hypnosister.app */,
			);
			name = Products;
			sourceTree = "<group>";
		};
		1FC8EEBC15536EA400D9DB60 /* Frameworks */ = {
			isa = PBXGroup;
			children = (
				1FC8EEBD15536EA400D9DB60 /* UIKit.framework */,
				1FC8EEBF15536EA400D9DB60 /* Foundation.framework */,
				1FC8EEC115536EA400D9DB60 /* CoreGraphics.framework */,
			);
			name = Frameworks;
			sourceTree = "<group>";
		};
		1FC8EEC315536EA400D9DB60 /* Hypnosister */ = {
			isa = PBXGroup;
			children = (
				1FC8EECC15536EA400D9DB60 /* HypnosisterAppDelegate.h */,
				1FC8EECD15536EA400D9DB60 /* HypnosisterAppDelegate.m */,
				1FC8EEC415536EA400D9DB60 /* Supporting Files */,
			);
			path = Hypnosister;
			sourceTree = "<group>";
		};
		1FC8EEC415536EA400D9DB60 /* Supporting Files */ = {
			isa = PBXGroup;
			children = (
				1FC8EEC515536EA400D9DB60 /* Hypnosister-Info.plist */,
				1FC8EEC615536EA400D9DB60 /* InfoPlist.strings */,
				1FC8EEC915536EA400D9DB60 /* main.m */,
				1FC8EECB15536EA400D9DB60 /* Hypnosister-Prefix.pch */,
			);
			name = "Supporting Files";
			sourceTree = "<group>";
		};
/* End PBXGroup section */

/* Begin PBXNativeTarget section */
		1FC8EEB815536EA400D9DB60 /* Hypnosister */ = {
			isa = PBXNativeTarget;
			buildConfigurationList = 1FC8EED115536EA400D9DB60 /* Build configuration list for PBXNativeTarget "Hypnosister" */;
			buildPhases = (
				1FC8EEB515536EA400D9DB60 /* Sources */,
				1FC8EEB615536EA400D9DB60 /* Frameworks */,
				1FC8EEB715536EA400D9DB60 /* Resources */,
			);
			buildRules = (
			);
			dependencies = (
			);
			name = Hypnosister;
			productName = Hypnosister;
			productReference = 1FC8EEB915536EA400D9DB60 /* Hypnosister.app */;
			productType = "com.apple.product-type.application";
		};
/* End PBXNativeTarget section */

/* Begin PBXProject section */
		1FC8EEB015536EA300D9DB60 /* Project object */ = {
			isa = PBXProject;
			attributes = {
				CLASSPREFIX = Hypnosister;
				LastUpgradeCheck = 0430;
			};
			buildConfigurationList = 1FC8EEB315536EA300D9DB60 /* Build configuration list for PBXProject "Hypnosister" */;
			compatibilityVersion = "Xcode 3.2";
			developmentRegion = English;
			hasScannedForEncodings = 0;
			knownRegions = (
				en,
			);
			mainGroup = 1FC8EEAE15536EA300D9DB60;
			productRefGroup = 1FC8EEBA15536EA400D9DB60 /* Products */;
			projectDirPath = "";
			projectRoot = "";
			targets = (
				1FC8EEB815536EA400D9DB60 /* Hypnosister */,
			);
		};
/* End PBXProject section */

/* Begin PBXResourcesBuildPhase section */
		1FC8EEB715536EA400D9DB60 /* Resources */ = {
			isa = PBXResourcesBuildPhase;
			buildActionMask = 2147483647;
			files = (
				1FC8EEC815536EA400D9DB60 /* InfoPlist.strings in Resources */,
			);
			runOnlyForDeploymentPostprocessing = 0;
		};
/* End PBXResourcesBuildPhase section */

/* Begin PBXSourcesBuildPhase section */
		1FC8EEB515536EA400D9DB60 /* Sources */ = {
			isa = PBXSourcesBuildPhase;
			buildActionMask = 2147483647;
			files = (
				1FC8EECA15536EA400D9DB60 /* main.m in Sources */,
				1FC8EECE15536EA400D9DB60 /* HypnosisterAppDelegate.m in Sources */,
			);
			runOnlyForDeploymentPostprocessing = 0;
		};
/* End PBXSourcesBuildPhase section */

/* Begin PBXVariantGroup section */
		1FC8EEC615536EA400D9DB60 /* InfoPlist.strings */ = {
			isa = PBXVariantGroup;
			children = (
				1FC8EEC715536EA400D9DB60 /* en */,
			);
			name = InfoPlist.strings;
			sourceTree = "<group>";
		};
/* End PBXVariantGroup section */

/* Begin XCBuildConfiguration section */
		1FC8EECF15536EA400D9DB60 /* Debug */ = {
			isa = XCBuildConfiguration;
			buildSettings = {
				ALWAYS_SEARCH_USER_PATHS = NO;
				ARCHS = "$(ARCHS_STANDARD_32_BIT)";
				CLANG_ENABLE_OBJC_ARC = YES;
				"CODE_SIGN_IDENTITY[sdk=iphoneos*]" = "iPhone Developer";
				COPY_PHASE_STRIP = NO;
				GCC_C_LANGUAGE_STANDARD = gnu99;
				GCC_DYNAMIC_NO_PIC = NO;
				GCC_OPTIMIZATION_LEVEL = 0;
				GCC_PREPROCESSOR_DEFINITIONS = (
					"DEBUG=1",
					"$(inherited)",
				);
				GCC_SYMBOLS_PRIVATE_EXTERN = NO;
				GCC_VERSION = com.apple.compilers.llvm.clang.1_0;
				GCC_WARN_ABOUT_RETURN_TYPE = YES;
				GCC_WARN_UNINITIALIZED_AUTOS = YES;
				GCC_WARN_UNUSED_VARIABLE = YES;
				IPHONEOS_DEPLOYMENT_TARGET = 5.1;
				SDKROOT = iphoneos;
			};
			name = Debug;
		};
		1FC8EED015536EA400D9DB60 /* Release */ = {
			isa = XCBuildConfiguration;
			buildSettings = {
				ALWAYS_SEARCH_USER_PATHS = NO;
				ARCHS = "$(ARCHS_STANDARD_32_BIT)";
				CLANG_ENABLE_OBJC_ARC = YES;
				"CODE_SIGN_IDENTITY[sdk=iphoneos*]" = "iPhone Developer";
				COPY_PHASE_STRIP = YES;
				GCC_C_LANGUAGE_STANDARD = gnu99;
				GCC_VERSION = com.apple.compilers.llvm.clang.1_0;
				GCC_WARN_ABOUT_RETURN_TYPE = YES;
				GCC_WARN_UNINITIALIZED_AUTOS = YES;
				GCC_WARN_UNUSED_VARIABLE = YES;
				IPHONEOS_DEPLOYMENT_TARGET = 5.1;
				OTHER_CFLAGS = "-DNS_BLOCK_ASSERTIONS=1";
				SDKROOT = iphoneos;
				VALIDATE_PRODUCT = YES;
			};
			name = Release;
		};
		1FC8EED215536EA400D9DB60 /* Debug */ = {
			isa = XCBuildConfiguration;
			buildSettings = {
				GCC_PRECOMPILE_PREFIX_HEADER = YES;
				GCC_PREFIX_HEADER = "Hypnosister/Hypnosister-Prefix.pch";
				INFOPLIST_FILE = "Hypnosister/Hypnosister-Info.plist";
				PRODUCT_NAME = "$(TARGET_NAME)";
				WRAPPER_EXTENSION = app;
			};
			name = Debug;
		};
		1FC8EED315536EA400D9DB60 /* Release */ = {
			isa = XCBuildConfiguration;
			buildSettings = {
				GCC_PRECOMPILE_PREFIX_HEADER = YES;
				GCC_PREFIX_HEADER = "Hypnosister/Hypnosister-Prefix.pch";
				INFOPLIST_FILE = "Hypnosister/Hypnosister-Info.plist";
				PRODUCT_NAME = "$(TARGET_NAME)";
				WRAPPER_EXTENSION = app;
			};
			name = Release;
		};
/* End XCBuildConfiguration section */

/* Begin XCConfigurationList section */
		1FC8EEB315536EA300D9DB60 /* Build configuration list for PBXProject "Hypnosister" */ = {
			isa = XCConfigurationList;
			buildConfigurations = (
				1FC8EECF15536EA400D9DB60 /* Debug */,
				1FC8EED015536EA400D9DB60 /* Release */,
			);
			defaultConfigurationIsVisible = 0;
			defaultConfigurationName = Release;
		};
		1FC8EED115536EA400D9DB60 /* Build configuration list for PBXNativeTarget "Hypnosister" */ = {
			isa = XCConfigurationList;
			buildConfigurations = (
				1FC8EED215536EA400D9DB60 /* Debug */,
				1FC8EED315536EA400D9DB60 /* Release */,
			);
			defaultConfigurationIsVisible = 0;
		};
/* End XCConfigurationList section */
	};
	rootObject = 1FC8EEB015536EA300D9DB60 /* Project object */;
}
